// !$*UTF8*$!
{
	archiveVersion = 1;
	classes = {
	};
	objectVersion = 50;
	objects = {

/* Begin PBXBuildFile section */
		EEA1BF4421B18109001679B6 /* AppDelegate.swift in Sources */ = {isa = PBXBuildFile; fileRef = EEA1BF4321B18109001679B6 /* AppDelegate.swift */; };
		EEA1BF4621B18109001679B6 /* ViewController.swift in Sources */ = {isa = PBXBuildFile; fileRef = EEA1BF4521B18109001679B6 /* ViewController.swift */; };
		EEA1BF4921B18109001679B6 /* Main.storyboard in Resources */ = {isa = PBXBuildFile; fileRef = EEA1BF4721B18109001679B6 /* Main.storyboard */; };
		EEA1BF4B21B1810A001679B6 /* Assets.xcassets in Resources */ = {isa = PBXBuildFile; fileRef = EEA1BF4A21B1810A001679B6 /* Assets.xcassets */; };
		EEA1BF4E21B1810A001679B6 /* LaunchScreen.storyboard in Resources */ = {isa = PBXBuildFile; fileRef = EEA1BF4C21B1810A001679B6 /* LaunchScreen.storyboard */; };
		EEA1BF5721B18150001679B6 /* Foundation.framework in Frameworks */ = {isa = PBXBuildFile; fileRef = EEA1BF5621B18150001679B6 /* Foundation.framework */; };
		EEA1BF5921B18158001679B6 /* AudioToolbox.framework in Frameworks */ = {isa = PBXBuildFile; fileRef = EEA1BF5821B18158001679B6 /* AudioToolbox.framework */; };
		EEA1BF5B21B18162001679B6 /* OpenGLES.framework in Frameworks */ = {isa = PBXBuildFile; fileRef = EEA1BF5A21B18162001679B6 /* OpenGLES.framework */; };
		EEA1BF5D21B18168001679B6 /* CoreText.framework in Frameworks */ = {isa = PBXBuildFile; fileRef = EEA1BF5C21B18168001679B6 /* CoreText.framework */; };
		EEA1BF5F21B18171001679B6 /* CFNetwork.framework in Frameworks */ = {isa = PBXBuildFile; fileRef = EEA1BF5E21B18171001679B6 /* CFNetwork.framework */; };
		EEA1BF6121B18179001679B6 /* libbz2.tbd in Frameworks */ = {isa = PBXBuildFile; fileRef = EEA1BF6021B18179001679B6 /* libbz2.tbd */; };
		EEA1BF6321B1817F001679B6 /* libiconv.tbd in Frameworks */ = {isa = PBXBuildFile; fileRef = EEA1BF6221B1817F001679B6 /* libiconv.tbd */; };
		EEA1BF6521B18184001679B6 /* QuartzCore.framework in Frameworks */ = {isa = PBXBuildFile; fileRef = EEA1BF6421B18184001679B6 /* QuartzCore.framework */; };
		EEA1BF6721B1818C001679B6 /* CoreGraphics.framework in Frameworks */ = {isa = PBXBuildFile; fileRef = EEA1BF6621B1818C001679B6 /* CoreGraphics.framework */; };
		EEA1BF6921B18192001679B6 /* MediaPlayer.framework in Frameworks */ = {isa = PBXBuildFile; fileRef = EEA1BF6821B18192001679B6 /* MediaPlayer.framework */; };
		EEA1BF6B21B1819B001679B6 /* AVFoundation.framework in Frameworks */ = {isa = PBXBuildFile; fileRef = EEA1BF6A21B1819B001679B6 /* AVFoundation.framework */; };
		EEA1BF6D21B181A7001679B6 /* libc++.tbd in Frameworks */ = {isa = PBXBuildFile; fileRef = EEA1BF6C21B181A7001679B6 /* libc++.tbd */; };
		EEA1BF7121B181B5001679B6 /* CoreImage.framework in Frameworks */ = {isa = PBXBuildFile; fileRef = EEA1BF7021B181B5001679B6 /* CoreImage.framework */; };
		EEA1BF7321B181C6001679B6 /* CoreVideo.framework in Frameworks */ = {isa = PBXBuildFile; fileRef = EEA1BF7221B181C6001679B6 /* CoreVideo.framework */; };
		EEA1BF7421B181CE001679B6 /* VideoToolbox.framework in Frameworks */ = {isa = PBXBuildFile; fileRef = EEA1BF6E21B181AF001679B6 /* VideoToolbox.framework */; };
		EEA1BF7621B181E4001679B6 /* CoreMedia.framework in Frameworks */ = {isa = PBXBuildFile; fileRef = EEA1BF7521B181E4001679B6 /* CoreMedia.framework */; };
		EEA1BF7A21B183D2001679B6 /* MobileVLCKit.framework in Frameworks */ = {isa = PBXBuildFile; fileRef = EEA1BF7921B183D2001679B6 /* MobileVLCKit.framework */; };
		EEA1BF7C21B18561001679B6 /* 1.mp4 in Resources */ = {isa = PBXBuildFile; fileRef = EEA1BF7B21B18561001679B6 /* 1.mp4 */; };
/* End PBXBuildFile section */

/* Begin PBXFileReference section */
		EEA1BF4021B18109001679B6 /* simpleVLCPlayer.app */ = {isa = PBXFileReference; explicitFileType = wrapper.application; includeInIndex = 0; path = simpleVLCPlayer.app; sourceTree = BUILT_PRODUCTS_DIR; };
		EEA1BF4321B18109001679B6 /* AppDelegate.swift */ = {isa = PBXFileReference; lastKnownFileType = sourcecode.swift; path = AppDelegate.swift; sourceTree = "<group>"; };
		EEA1BF4521B18109001679B6 /* ViewController.swift */ = {isa = PBXFileReference; lastKnownFileType = sourcecode.swift; path = ViewController.swift; sourceTree = "<group>"; };
		EEA1BF4821B18109001679B6 /* Base */ = {isa = PBXFileReference; lastKnownFileType = file.storyboard; name = Base; path = Base.lproj/Main.storyboard; sourceTree = "<group>"; };
		EEA1BF4A21B1810A001679B6 /* Assets.xcassets */ = {isa = PBXFileReference; lastKnownFileType = folder.assetcatalog; path = Assets.xcassets; sourceTree = "<group>"; };
		EEA1BF4D21B1810A001679B6 /* Base */ = {isa = PBXFileReference; lastKnownFileType = file.storyboard; name = Base; path = Base.lproj/LaunchScreen.storyboard; sourceTree = "<group>"; };
		EEA1BF4F21B1810A001679B6 /* Info.plist */ = {isa = PBXFileReference; lastKnownFileType = text.plist.xml; path = Info.plist; sourceTree = "<group>"; };
		EEA1BF5621B18150001679B6 /* Foundation.framework */ = {isa = PBXFileReference; lastKnownFileType = wrapper.framework; name = Foundation.framework; path = System/Library/Frameworks/Foundation.framework; sourceTree = SDKROOT; };
		EEA1BF5821B18158001679B6 /* AudioToolbox.framework */ = {isa = PBXFileReference; lastKnownFileType = wrapper.framework; name = AudioToolbox.framework; path = System/Library/Frameworks/AudioToolbox.framework; sourceTree = SDKROOT; };
		EEA1BF5A21B18162001679B6 /* OpenGLES.framework */ = {isa = PBXFileReference; lastKnownFileType = wrapper.framework; name = OpenGLES.framework; path = System/Library/Frameworks/OpenGLES.framework; sourceTree = SDKROOT; };
		EEA1BF5C21B18168001679B6 /* CoreText.framework */ = {isa = PBXFileReference; lastKnownFileType = wrapper.framework; name = CoreText.framework; path = System/Library/Frameworks/CoreText.framework; sourceTree = SDKROOT; };
		EEA1BF5E21B18171001679B6 /* CFNetwork.framework */ = {isa = PBXFileReference; lastKnownFileType = wrapper.framework; name = CFNetwork.framework; path = System/Library/Frameworks/CFNetwork.framework; sourceTree = SDKROOT; };
		EEA1BF6021B18179001679B6 /* libbz2.tbd */ = {isa = PBXFileReference; lastKnownFileType = "sourcecode.text-based-dylib-definition"; name = libbz2.tbd; path = usr/lib/libbz2.tbd; sourceTree = SDKROOT; };
		EEA1BF6221B1817F001679B6 /* libiconv.tbd */ = {isa = PBXFileReference; lastKnownFileType = "sourcecode.text-based-dylib-definition"; name = libiconv.tbd; path = usr/lib/libiconv.tbd; sourceTree = SDKROOT; };
		EEA1BF6421B18184001679B6 /* QuartzCore.framework */ = {isa = PBXFileReference; lastKnownFileType = wrapper.framework; name = QuartzCore.framework; path = System/Library/Frameworks/QuartzCore.framework; sourceTree = SDKROOT; };
		EEA1BF6621B1818C001679B6 /* CoreGraphics.framework */ = {isa = PBXFileReference; lastKnownFileType = wrapper.framework; name = CoreGraphics.framework; path = System/Library/Frameworks/CoreGraphics.framework; sourceTree = SDKROOT; };
		EEA1BF6821B18192001679B6 /* MediaPlayer.framework */ = {isa = PBXFileReference; lastKnownFileType = wrapper.framework; name = MediaPlayer.framework; path = System/Library/Frameworks/MediaPlayer.framework; sourceTree = SDKROOT; };
		EEA1BF6A21B1819B001679B6 /* AVFoundation.framework */ = {isa = PBXFileReference; lastKnownFileType = wrapper.framework; name = AVFoundation.framework; path = System/Library/Frameworks/AVFoundation.framework; sourceTree = SDKROOT; };
		EEA1BF6C21B181A7001679B6 /* libc++.tbd */ = {isa = PBXFileReference; lastKnownFileType = "sourcecode.text-based-dylib-definition"; name = "libc++.tbd"; path = "usr/lib/libc++.tbd"; sourceTree = SDKROOT; };
		EEA1BF6E21B181AF001679B6 /* VideoToolbox.framework */ = {isa = PBXFileReference; lastKnownFileType = wrapper.framework; name = VideoToolbox.framework; path = System/Library/Frameworks/VideoToolbox.framework; sourceTree = SDKROOT; };
		EEA1BF7021B181B5001679B6 /* CoreImage.framework */ = {isa = PBXFileReference; lastKnownFileType = wrapper.framework; name = CoreImage.framework; path = System/Library/Frameworks/CoreImage.framework; sourceTree = SDKROOT; };
		EEA1BF7221B181C6001679B6 /* CoreVideo.framework */ = {isa = PBXFileReference; lastKnownFileType = wrapper.framework; name = CoreVideo.framework; path = System/Library/Frameworks/CoreVideo.framework; sourceTree = SDKROOT; };
		EEA1BF7521B181E4001679B6 /* CoreMedia.framework */ = {isa = PBXFileReference; lastKnownFileType = wrapper.framework; name = CoreMedia.framework; path = System/Library/Frameworks/CoreMedia.framework; sourceTree = SDKROOT; };
		EEA1BF7721B1831F001679B6 /* SimpleVLCPlayer-Bridging-Header.h */ = {isa = PBXFileReference; lastKnownFileType = sourcecode.c.h; path = "SimpleVLCPlayer-Bridging-Header.h"; sourceTree = "<group>"; };
		EEA1BF7921B183D2001679B6 /* MobileVLCKit.framework */ = {isa = PBXFileReference; lastKnownFileType = wrapper.framework; path = MobileVLCKit.framework; sourceTree = SOURCE_ROOT; };
		EEA1BF7B21B18561001679B6 /* 1.mp4 */ = {isa = PBXFileReference; fileEncoding = 4; lastKnownFileType = text; path = 1.mp4; sourceTree = "<group>"; };
/* End PBXFileReference section */

/* Begin PBXFrameworksBuildPhase section */
		EEA1BF3D21B18109001679B6 /* Frameworks */ = {
			isa = PBXFrameworksBuildPhase;
			buildActionMask = 2147483647;
			files = (
				EEA1BF7621B181E4001679B6 /* CoreMedia.framework in Frameworks */,
				EEA1BF7421B181CE001679B6 /* VideoToolbox.framework in Frameworks */,
				EEA1BF7321B181C6001679B6 /* CoreVideo.framework in Frameworks */,
				EEA1BF7121B181B5001679B6 /* CoreImage.framework in Frameworks */,
				EEA1BF6D21B181A7001679B6 /* libc++.tbd in Frameworks */,
				EEA1BF6B21B1819B001679B6 /* AVFoundation.framework in Frameworks */,
				EEA1BF6921B18192001679B6 /* MediaPlayer.framework in Frameworks */,
				EEA1BF6721B1818C001679B6 /* CoreGraphics.framework in Frameworks */,
				EEA1BF6521B18184001679B6 /* QuartzCore.framework in Frameworks */,
				EEA1BF6321B1817F001679B6 /* libiconv.tbd in Frameworks */,
				EEA1BF7A21B183D2001679B6 /* MobileVLCKit.framework in Frameworks */,
				EEA1BF6121B18179001679B6 /* libbz2.tbd in Frameworks */,
				EEA1BF5F21B18171001679B6 /* CFNetwork.framework in Frameworks */,
				EEA1BF5D21B18168001679B6 /* CoreText.framework in Frameworks */,
				EEA1BF5B21B18162001679B6 /* OpenGLES.framework in Frameworks */,
				EEA1BF5921B18158001679B6 /* AudioToolbox.framework in Frameworks */,
				EEA1BF5721B18150001679B6 /* Foundation.framework in Frameworks */,
			);
			runOnlyForDeploymentPostprocessing = 0;
		};
/* End PBXFrameworksBuildPhase section */

/* Begin PBXGroup section */
		EEA1BF3721B18109001679B6 = {
			isa = PBXGroup;
			children = (
				EEA1BF4221B18109001679B6 /* simpleVLCPlayer */,
				EEA1BF4121B18109001679B6 /* Products */,
				EEA1BF5521B18150001679B6 /* Frameworks */,
			);
			sourceTree = "<group>";
		};
		EEA1BF4121B18109001679B6 /* Products */ = {
			isa = PBXGroup;
			children = (
				EEA1BF4021B18109001679B6 /* simpleVLCPlayer.app */,
			);
			name = Products;
			sourceTree = "<group>";
		};
		EEA1BF4221B18109001679B6 /* simpleVLCPlayer */ = {
			isa = PBXGroup;
			children = (
				EEA1BF7B21B18561001679B6 /* 1.mp4 */,
				EEA1BF7921B183D2001679B6 /* MobileVLCKit.framework */,
				EEA1BF4321B18109001679B6 /* AppDelegate.swift */,
				EEA1BF4521B18109001679B6 /* ViewController.swift */,
				EEA1BF4721B18109001679B6 /* Main.storyboard */,
				EEA1BF4A21B1810A001679B6 /* Assets.xcassets */,
				EEA1BF4C21B1810A001679B6 /* LaunchScreen.storyboard */,
				EEA1BF4F21B1810A001679B6 /* Info.plist */,
				EEA1BF7721B1831F001679B6 /* SimpleVLCPlayer-Bridging-Header.h */,
			);
			path = simpleVLCPlayer;
			sourceTree = "<group>";
		};
		EEA1BF5521B18150001679B6 /* Frameworks */ = {
			isa = PBXGroup;
			children = (
				EEA1BF7521B181E4001679B6 /* CoreMedia.framework */,
				EEA1BF7221B181C6001679B6 /* CoreVideo.framework */,
				EEA1BF7021B181B5001679B6 /* CoreImage.framework */,
				EEA1BF6E21B181AF001679B6 /* VideoToolbox.framework */,
				EEA1BF6C21B181A7001679B6 /* libc++.tbd */,
				EEA1BF6A21B1819B001679B6 /* AVFoundation.framework */,
				EEA1BF6821B18192001679B6 /* MediaPlayer.framework */,
				EEA1BF6621B1818C001679B6 /* CoreGraphics.framework */,
				EEA1BF6421B18184001679B6 /* QuartzCore.framework */,
				EEA1BF6221B1817F001679B6 /* libiconv.tbd */,
				EEA1BF6021B18179001679B6 /* libbz2.tbd */,
				EEA1BF5E21B18171001679B6 /* CFNetwork.framework */,
				EEA1BF5C21B18168001679B6 /* CoreText.framework */,
				EEA1BF5A21B18162001679B6 /* OpenGLES.framework */,
				EEA1BF5821B18158001679B6 /* AudioToolbox.framework */,
				EEA1BF5621B18150001679B6 /* Foundation.framework */,
			);
			name = Frameworks;
			sourceTree = "<group>";
		};
/* End PBXGroup section */

/* Begin PBXNativeTarget section */
		EEA1BF3F21B18109001679B6 /* simpleVLCPlayer */ = {
			isa = PBXNativeTarget;
			buildConfigurationList = EEA1BF5221B1810A001679B6 /* Build configuration list for PBXNativeTarget "simpleVLCPlayer" */;
			buildPhases = (
				EEA1BF3C21B18109001679B6 /* Sources */,
				EEA1BF3D21B18109001679B6 /* Frameworks */,
				EEA1BF3E21B18109001679B6 /* Resources */,
			);
			buildRules = (
			);
			dependencies = (
			);
			name = simpleVLCPlayer;
			productName = simpleVLCPlayer;
			productReference = EEA1BF4021B18109001679B6 /* simpleVLCPlayer.app */;
			productType = "com.apple.product-type.application";
		};
/* End PBXNativeTarget section */

/* Begin PBXProject section */
		EEA1BF3821B18109001679B6 /* Project object */ = {
			isa = PBXProject;
			attributes = {
				LastSwiftUpdateCheck = 1010;
				LastUpgradeCheck = 1010;
				ORGANIZATIONNAME = "Michael Tai";
				TargetAttributes = {
					EEA1BF3F21B18109001679B6 = {
						CreatedOnToolsVersion = 10.1;
					};
				};
			};
			buildConfigurationList = EEA1BF3B21B18109001679B6 /* Build configuration list for PBXProject "simpleVLCPlayer" */;
			compatibilityVersion = "Xcode 9.3";
			developmentRegion = en;
			hasScannedForEncodings = 0;
			knownRegions = (
				en,
				Base,
			);
			mainGroup = EEA1BF3721B18109001679B6;
			productRefGroup = EEA1BF4121B18109001679B6 /* Products */;
			projectDirPath = "";
			projectRoot = "";
			targets = (
				EEA1BF3F21B18109001679B6 /* simpleVLCPlayer */,
			);
		};
/* End PBXProject section */

/* Begin PBXResourcesBuildPhase section */
		EEA1BF3E21B18109001679B6 /* Resources */ = {
			isa = PBXResourcesBuildPhase;
			buildActionMask = 2147483647;
			files = (
				EEA1BF4E21B1810A001679B6 /* LaunchScreen.storyboard in Resources */,
				EEA1BF7C21B18561001679B6 /* 1.mp4 in Resources */,
				EEA1BF4B21B1810A001679B6 /* Assets.xcassets in Resources */,
				EEA1BF4921B18109001679B6 /* Main.storyboard in Resources */,
			);
			runOnlyForDeploymentPostprocessing = 0;
		};
/* End PBXResourcesBuildPhase section */

/* Begin PBXSourcesBuildPhase section */
		EEA1BF3C21B18109001679B6 /* Sources */ = {
			isa = PBXSourcesBuildPhase;
			buildActionMask = 2147483647;
			files = (
				EEA1BF4621B18109001679B6 /* ViewController.swift in Sources */,
				EEA1BF4421B18109001679B6 /* AppDelegate.swift in Sources */,
			);
			runOnlyForDeploymentPostprocessing = 0;
		};
/* End PBXSourcesBuildPhase section */

/* Begin PBXVariantGroup section */
		EEA1BF4721B18109001679B6 /* Main.storyboard */ = {
			isa = PBXVariantGroup;
			children = (
				EEA1BF4821B18109001679B6 /* Base */,
			);
			name = Main.storyboard;
			sourceTree = "<group>";
		};
		EEA1BF4C21B1810A001679B6 /* LaunchScreen.storyboard */ = {
			isa = PBXVariantGroup;
			children = (
				EEA1BF4D21B1810A001679B6 /* Base */,
			);
			name = LaunchScreen.storyboard;
			sourceTree = "<group>";
		};
/* End PBXVariantGroup section */

/* Begin XCBuildConfiguration section */
		EEA1BF5021B1810A001679B6 /* Debug */ = {
			isa = XCBuildConfiguration;
			buildSettings = {
				ALWAYS_SEARCH_USER_PATHS = NO;
				CLANG_ANALYZER_NONNULL = YES;
				CLANG_ANALYZER_NUMBER_OBJECT_CONVERSION = YES_AGGRESSIVE;
				CLANG_CXX_LANGUAGE_STANDARD = "gnu++14";
				CLANG_CXX_LIBRARY = "libc++";
				CLANG_ENABLE_MODULES = YES;
				CLANG_ENABLE_OBJC_ARC = YES;
				CLANG_ENABLE_OBJC_WEAK = YES;
				CLANG_WARN_BLOCK_CAPTURE_AUTORELEASING = YES;
				CLANG_WARN_BOOL_CONVERSION = YES;
				CLANG_WARN_COMMA = YES;
				CLANG_WARN_CONSTANT_CONVERSION = YES;
				CLANG_WARN_DEPRECATED_OBJC_IMPLEMENTATIONS = YES;
				CLANG_WARN_DIRECT_OBJC_ISA_USAGE = YES_ERROR;
				CLANG_WARN_DOCUMENTATION_COMMENTS = YES;
				CLANG_WARN_EMPTY_BODY = YES;
				CLANG_WARN_ENUM_CONVERSION = YES;
				CLANG_WARN_INFINITE_RECURSION = YES;
				CLANG_WARN_INT_CONVERSION = YES;
				CLANG_WARN_NON_LITERAL_NULL_CONVERSION = YES;
				CLANG_WARN_OBJC_IMPLICIT_RETAIN_SELF = YES;
				CLANG_WARN_OBJC_LITERAL_CONVERSION = YES;
				CLANG_WARN_OBJC_ROOT_CLASS = YES_ERROR;
				CLANG_WARN_RANGE_LOOP_ANALYSIS = YES;
				CLANG_WARN_STRICT_PROTOTYPES = YES;
				CLANG_WARN_SUSPICIOUS_MOVE = YES;
				CLANG_WARN_UNGUARDED_AVAILABILITY = YES_AGGRESSIVE;
				CLANG_WARN_UNREACHABLE_CODE = YES;
				CLANG_WARN__DUPLICATE_METHOD_MATCH = YES;
				CODE_SIGN_IDENTITY = "iPhone Developer";
				COPY_PHASE_STRIP = NO;
				DEBUG_INFORMATION_FORMAT = dwarf;
				ENABLE_STRICT_OBJC_MSGSEND = YES;
				ENABLE_TESTABILITY = YES;
				GCC_C_LANGUAGE_STANDARD = gnu11;
				GCC_DYNAMIC_NO_PIC = NO;
				GCC_NO_COMMON_BLOCKS = YES;
				GCC_OPTIMIZATION_LEVEL = 0;
				GCC_PREPROCESSOR_DEFINITIONS = (
					"DEBUG=1",
					"$(inherited)",
				);
				GCC_WARN_64_TO_32_BIT_CONVERSION = YES;
				GCC_WARN_ABOUT_RETURN_TYPE = YES_ERROR;
				GCC_WARN_UNDECLARED_SELECTOR = YES;
				GCC_WARN_UNINITIALIZED_AUTOS = YES_AGGRESSIVE;
				GCC_WARN_UNUSED_FUNCTION = YES;
				GCC_WARN_UNUSED_VARIABLE = YES;
				IPHONEOS_DEPLOYMENT_TARGET = 12.1;
				MTL_ENABLE_DEBUG_INFO = INCLUDE_SOURCE;
				MTL_FAST_MATH = YES;
				ONLY_ACTIVE_ARCH = YES;
				SDKROOT = iphoneos;
				SWIFT_ACTIVE_COMPILATION_CONDITIONS = DEBUG;
				SWIFT_OPTIMIZATION_LEVEL = "-Onone";
			};
			name = Debug;
		};
		EEA1BF5121B1810A001679B6 /* Release */ = {
			isa = XCBuildConfiguration;
			buildSettings = {
				ALWAYS_SEARCH_USER_PATHS = NO;
				CLANG_ANALYZER_NONNULL = YES;
				CLANG_ANALYZER_NUMBER_OBJECT_CONVERSION = YES_AGGRESSIVE;
				CLANG_CXX_LANGUAGE_STANDARD = "gnu++14";
				CLANG_CXX_LIBRARY = "libc++";
				CLANG_ENABLE_MODULES = YES;
				CLANG_ENABLE_OBJC_ARC = YES;
				CLANG_ENABLE_OBJC_WEAK = YES;
				CLANG_WARN_BLOCK_CAPTURE_AUTORELEASING = YES;
				CLANG_WARN_BOOL_CONVERSION = YES;
				CLANG_WARN_COMMA = YES;
				CLANG_WARN_CONSTANT_CONVERSION = YES;
				CLANG_WARN_DEPRECATED_OBJC_IMPLEMENTATIONS = YES;
				CLANG_WARN_DIRECT_OBJC_ISA_USAGE = YES_ERROR;
				CLANG_WARN_DOCUMENTATION_COMMENTS = YES;
				CLANG_WARN_EMPTY_BODY = YES;
				CLANG_WARN_ENUM_CONVERSION = YES;
				CLANG_WARN_INFINITE_RECURSION = YES;
				CLANG_WARN_INT_CONVERSION = YES;
				CLANG_WARN_NON_LITERAL_NULL_CONVERSION = YES;
				CLANG_WARN_OBJC_IMPLICIT_RETAIN_SELF = YES;
				CLANG_WARN_OBJC_LITERAL_CONVERSION = YES;
				CLANG_WARN_OBJC_ROOT_CLASS = YES_ERROR;
				CLANG_WARN_RANGE_LOOP_ANALYSIS = YES;
				CLANG_WARN_STRICT_PROTOTYPES = YES;
				CLANG_WARN_SUSPICIOUS_MOVE = YES;
				CLANG_WARN_UNGUARDED_AVAILABILITY = YES_AGGRESSIVE;
				CLANG_WARN_UNREACHABLE_CODE = YES;
				CLANG_WARN__DUPLICATE_METHOD_MATCH = YES;
				CODE_SIGN_IDENTITY = "iPhone Developer";
				COPY_PHASE_STRIP = NO;
				DEBUG_INFORMATION_FORMAT = "dwarf-with-dsym";
				ENABLE_NS_ASSERTIONS = NO;
				ENABLE_STRICT_OBJC_MSGSEND = YES;
				GCC_C_LANGUAGE_STANDARD = gnu11;
				GCC_NO_COMMON_BLOCKS = YES;
				GCC_WARN_64_TO_32_BIT_CONVERSION = YES;
				GCC_WARN_ABOUT_RETURN_TYPE = YES_ERROR;
				GCC_WARN_UNDECLARED_SELECTOR = YES;
				GCC_WARN_UNINITIALIZED_AUTOS = YES_AGGRESSIVE;
				GCC_WARN_UNUSED_FUNCTION = YES;
				GCC_WARN_UNUSED_VARIABLE = YES;
				IPHONEOS_DEPLOYMENT_TARGET = 12.1;
				MTL_ENABLE_DEBUG_INFO = NO;
				MTL_FAST_MATH = YES;
				SDKROOT = iphoneos;
				SWIFT_COMPILATION_MODE = wholemodule;
				SWIFT_OPTIMIZATION_LEVEL = "-O";
				VALIDATE_PRODUCT = YES;
			};
			name = Release;
		};
		EEA1BF5321B1810A001679B6 /* Debug */ = {
			isa = XCBuildConfiguration;
			buildSettings = {
				ASSETCATALOG_COMPILER_APPICON_NAME = AppIcon;
				CODE_SIGN_IDENTITY = "iPhone Developer";
				CODE_SIGN_STYLE = Manual;
				DEVELOPMENT_TEAM = "";
				ENABLE_BITCODE = NO;
				FRAMEWORK_SEARCH_PATHS = (
					"$(inherited)",
					"$(PROJECT_DIR)",
				);
				INFOPLIST_FILE = simpleVLCPlayer/Info.plist;
				LD_RUNPATH_SEARCH_PATHS = (
					"$(inherited)",
					"@executable_path/Frameworks",
				);
				PRODUCT_BUNDLE_IDENTIFIER = com.downloadthebear.simpleVLCPlayer;
				PRODUCT_NAME = "$(TARGET_NAME)";
				PROVISIONING_PROFILE_SPECIFIER = "";
				SWIFT_OBJC_BRIDGING_HEADER = "$(PROJECT_DIR)/simpleVLCPlayer/SimpleVLCPlayer-Bridging-Header.h";
				SWIFT_VERSION = 4.2;
				TARGETED_DEVICE_FAMILY = "1,2";
			};
			name = Debug;
		};
		EEA1BF5421B1810A001679B6 /* Release */ = {
			isa = XCBuildConfiguration;
			buildSettings = {
				ASSETCATALOG_COMPILER_APPICON_NAME = AppIcon;
				CODE_SIGN_IDENTITY = "iPhone Developer";
				CODE_SIGN_STYLE = Manual;
				DEVELOPMENT_TEAM = "";
				ENABLE_BITCODE = NO;
				FRAMEWORK_SEARCH_PATHS = (
					"$(inherited)",
					"$(PROJECT_DIR)",
				);
				INFOPLIST_FILE = simpleVLCPlayer/Info.plist;
				LD_RUNPATH_SEARCH_PATHS = (
					"$(inherited)",
					"@executable_path/Frameworks",
				);
				PRODUCT_BUNDLE_IDENTIFIER = com.downloadthebear.simpleVLCPlayer;
				PRODUCT_NAME = "$(TARGET_NAME)";
				PROVISIONING_PROFILE_SPECIFIER = "";
				SWIFT_OBJC_BRIDGING_HEADER = "$(PROJECT_DIR)/simpleVLCPlayer/SimpleVLCPlayer-Bridging-Header.h";
				SWIFT_VERSION = 4.2;
				TARGETED_DEVICE_FAMILY = "1,2";
			};
			name = Release;
		};
/* End XCBuildConfiguration section */

/* Begin XCConfigurationList section */
		EEA1BF3B21B18109001679B6 /* Build configuration list for PBXProject "simpleVLCPlayer" */ = {
			isa = XCConfigurationList;
			buildConfigurations = (
				EEA1BF5021B1810A001679B6 /* Debug */,
				EEA1BF5121B1810A001679B6 /* Release */,
			);
			defaultConfigurationIsVisible = 0;
			defaultConfigurationName = Release;
		};
		EEA1BF5221B1810A001679B6 /* Build configuration list for PBXNativeTarget "simpleVLCPlayer" */ = {
			isa = XCConfigurationList;
			buildConfigurations = (
				EEA1BF5321B1810A001679B6 /* Debug */,
				EEA1BF5421B1810A001679B6 /* Release */,
			);
			defaultConfigurationIsVisible = 0;
			defaultConfigurationName = Release;
		};
/* End XCConfigurationList section */
	};
	rootObject = EEA1BF3821B18109001679B6 /* Project object */;
}
